
Microsoft Visual Studio Solution File, Format Version 12.00
# Visual Studio 14
VisualStudioVersion = 14.0.23107.0
MinimumVisualStudioVersion = 10.0.40219.1
Project("{8BC9CEB8-8B4A-11D0-8D11-00A0C91BC942}") = "least_squares", "least_squares\least_squares.vcxproj", "{84B1F0AD-4E79-4C0F-A34C-9DE0DCD0DA8F}"
EndProject
Project("{8BC9CEB8-8B4A-11D0-8D11-00A0C91BC942}") = "logistic_regression", "logistic_regression\logistic_regression.vcxproj", "{1D42F74F-DFB7-4A70-B209-1095D9EBEB0D}"
EndProject
Global
	GlobalSection(SolutionConfigurationPlatforms) = preSolution
		Debug|x64 = Debug|x64
		Debug|x86 = Debug|x86
		Release|x64 = Release|x64
		Release|x86 = Release|x86
	EndGlobalSection
	GlobalSection(ProjectConfigurationPlatforms) = postSolution
		{84B1F0AD-4E79-4C0F-A34C-9DE0DCD0DA8F}.Debug|x64.ActiveCfg = Debug|x64
		{84B1F0AD-4E79-4C0F-A34C-9DE0DCD0DA8F}.Debug|x64.Build.0 = Debug|x64
		{84B1F0AD-4E79-4C0F-A34C-9DE0DCD0DA8F}.Debug|x86.ActiveCfg = Debug|Win32
		{84B1F0AD-4E79-4C0F-A34C-9DE0DCD0DA8F}.Debug|x86.Build.0 = Debug|Win32
		{84B1F0AD-4E79-4C0F-A34C-9DE0DCD0DA8F}.Release|x64.ActiveCfg = Release|x64
		{84B1F0AD-4E79-4C0F-A34C-9DE0DCD0DA8F}.Release|x64.Build.0 = Release|x64
		{84B1F0AD-4E79-4C0F-A34C-9DE0DCD0DA8F}.Release|x86.ActiveCfg = Release|Win32
		{84B1F0AD-4E79-4C0F-A34C-9DE0DCD0DA8F}.Release|x86.Build.0 = Release|Win32
		{1D42F74F-DFB7-4A70-B209-1095D9EBEB0D}.Debug|x64.ActiveCfg = Debug|x64
		{1D42F74F-DFB7-4A70-B209-1095D9EBEB0D}.Debug|x64.Build.0 = Debug|x64
		{1D42F74F-DFB7-4A70-B209-1095D9EBEB0D}.Debug|x86.ActiveCfg = Debug|Win32
		{1D42F74F-DFB7-4A70-B209-1095D9EBEB0D}.Debug|x86.Build.0 = Debug|Win32
		{1D42F74F-DFB7-4A70-B209-1095D9EBEB0D}.Release|x64.ActiveCfg = Release|x64
		{1D42F74F-DFB7-4A70-B209-1095D9EBEB0D}.Release|x64.Build.0 = Release|x64
		{1D42F74F-DFB7-4A70-B209-1095D9EBEB0D}.Release|x86.ActiveCfg = Release|Win32
		{1D42F74F-DFB7-4A70-B209-1095D9EBEB0D}.Release|x86.Build.0 = Release|Win32
	EndGlobalSection
	GlobalSection(SolutionProperties) = preSolution
		HideSolutionNode = FALSE
	EndGlobalSection
EndGlobal
